Microsoft Visual Studio Solution File, Format Version 12.00
# Visual Studio 2012
Project("{FAE04EC0-301F-11D3-BF4B-00C04F79EFBC}") = "ranodm", "ranodm.csproj", "{33147C9F-D4D5-4B20-971E-C45470A6F3AB}"
EndProject
Global
	GlobalSection(SolutionConfigurationPlatforms) = preSolution
	Debug|Any CPU = Debug|Any CPU
	ExportDebug|Any CPU = ExportDebug|Any CPU
	ExportRelease|Any CPU = ExportRelease|Any CPU
	EndGlobalSection
	GlobalSection(ProjectConfigurationPlatforms) = postSolution
		{33147C9F-D4D5-4B20-971E-C45470A6F3AB}.Debug|Any CPU.ActiveCfg = Debug|Any CPU
		{33147C9F-D4D5-4B20-971E-C45470A6F3AB}.Debug|Any CPU.Build.0 = Debug|Any CPU
		{33147C9F-D4D5-4B20-971E-C45470A6F3AB}.ExportDebug|Any CPU.ActiveCfg = ExportDebug|Any CPU
		{33147C9F-D4D5-4B20-971E-C45470A6F3AB}.ExportDebug|Any CPU.Build.0 = ExportDebug|Any CPU
		{33147C9F-D4D5-4B20-971E-C45470A6F3AB}.ExportRelease|Any CPU.ActiveCfg = ExportRelease|Any CPU
		{33147C9F-D4D5-4B20-971E-C45470A6F3AB}.ExportRelease|Any CPU.Build.0 = ExportRelease|Any CPU
	EndGlobalSection
EndGlobal
